// !$*UTF8*$!
{
	archiveVersion = 1;
	classes = {
	};
	objectVersion = 46;
	objects = {

/* Begin PBXBuildFile section */
		3D0BD90E1B9E778A006600CE /* main.m in Sources */ = {isa = PBXBuildFile; fileRef = 3D0BD90D1B9E778A006600CE /* main.m */; };
		3D0BD9111B9E778A006600CE /* AppDelegate.m in Sources */ = {isa = PBXBuildFile; fileRef = 3D0BD9101B9E778A006600CE /* AppDelegate.m */; };
		3D0BD9141B9E778A006600CE /* ViewController.m in Sources */ = {isa = PBXBuildFile; fileRef = 3D0BD9131B9E778A006600CE /* ViewController.m */; };
		3D0BD9171B9E778A006600CE /* Main.storyboard in Resources */ = {isa = PBXBuildFile; fileRef = 3D0BD9151B9E778A006600CE /* Main.storyboard */; };
		3D0BD9191B9E778A006600CE /* Images.xcassets in Resources */ = {isa = PBXBuildFile; fileRef = 3D0BD9181B9E778A006600CE /* Images.xcassets */; };
		3D0BD91C1B9E778A006600CE /* LaunchScreen.xib in Resources */ = {isa = PBXBuildFile; fileRef = 3D0BD91A1B9E778A006600CE /* LaunchScreen.xib */; };
		3D0BD9281B9E778A006600CE /* ImportExportDemoTests.m in Sources */ = {isa = PBXBuildFile; fileRef = 3D0BD9271B9E778A006600CE /* ImportExportDemoTests.m */; };
		3D0BD9331B9E8DDE006600CE /* The Swift Programming Language 中文版 - v1.1.pdf in Resources */ = {isa = PBXBuildFile; fileRef = 3D0BD9321B9E8DDE006600CE /* The Swift Programming Language 中文版 - v1.1.pdf */; };
		3D0BD94C1B9EC674006600CE /* Icon-iPad-29.png in Resources */ = {isa = PBXBuildFile; fileRef = 3D0BD9371B9EC674006600CE /* Icon-iPad-29.png */; };
		3D0BD94D1B9EC674006600CE /* Icon-iPad-29@2x.png in Resources */ = {isa = PBXBuildFile; fileRef = 3D0BD9381B9EC674006600CE /* Icon-iPad-29@2x.png */; };
		3D0BD94E1B9EC674006600CE /* Icon-iPad-40.png in Resources */ = {isa = PBXBuildFile; fileRef = 3D0BD9391B9EC674006600CE /* Icon-iPad-40.png */; };
		3D0BD94F1B9EC674006600CE /* Icon-iPad-40@2x.png in Resources */ = {isa = PBXBuildFile; fileRef = 3D0BD93A1B9EC674006600CE /* Icon-iPad-40@2x.png */; };
		3D0BD9501B9EC674006600CE /* Icon-iPad-50.png in Resources */ = {isa = PBXBuildFile; fileRef = 3D0BD93B1B9EC674006600CE /* Icon-iPad-50.png */; };
		3D0BD9511B9EC674006600CE /* Icon-iPad-50@2x.png in Resources */ = {isa = PBXBuildFile; fileRef = 3D0BD93C1B9EC674006600CE /* Icon-iPad-50@2x.png */; };
		3D0BD9521B9EC674006600CE /* Icon-iPad-72.png in Resources */ = {isa = PBXBuildFile; fileRef = 3D0BD93D1B9EC674006600CE /* Icon-iPad-72.png */; };
		3D0BD9531B9EC674006600CE /* Icon-iPad-72@2x.png in Resources */ = {isa = PBXBuildFile; fileRef = 3D0BD93E1B9EC674006600CE /* Icon-iPad-72@2x.png */; };
		3D0BD9541B9EC674006600CE /* Icon-iPad-76.png in Resources */ = {isa = PBXBuildFile; fileRef = 3D0BD93F1B9EC674006600CE /* Icon-iPad-76.png */; };
		3D0BD9551B9EC674006600CE /* Icon-iPad-76@2x.png in Resources */ = {isa = PBXBuildFile; fileRef = 3D0BD9401B9EC674006600CE /* Icon-iPad-76@2x.png */; };
		3D0BD9561B9EC674006600CE /* Icon-iPhone-29.png in Resources */ = {isa = PBXBuildFile; fileRef = 3D0BD9411B9EC674006600CE /* Icon-iPhone-29.png */; };
		3D0BD9571B9EC674006600CE /* Icon-iPhone-29@2x.png in Resources */ = {isa = PBXBuildFile; fileRef = 3D0BD9421B9EC674006600CE /* Icon-iPhone-29@2x.png */; };
		3D0BD9581B9EC674006600CE /* Icon-iPhone-29@3x.png in Resources */ = {isa = PBXBuildFile; fileRef = 3D0BD9431B9EC674006600CE /* Icon-iPhone-29@3x.png */; };
		3D0BD9591B9EC674006600CE /* Icon-iPhone-40@2x.png in Resources */ = {isa = PBXBuildFile; fileRef = 3D0BD9441B9EC674006600CE /* Icon-iPhone-40@2x.png */; };
		3D0BD95A1B9EC674006600CE /* Icon-iPhone-40@3x.png in Resources */ = {isa = PBXBuildFile; fileRef = 3D0BD9451B9EC674006600CE /* Icon-iPhone-40@3x.png */; };
		3D0BD95B1B9EC674006600CE /* Icon-iPhone-57.png in Resources */ = {isa = PBXBuildFile; fileRef = 3D0BD9461B9EC674006600CE /* Icon-iPhone-57.png */; };
		3D0BD95C1B9EC674006600CE /* Icon-iPhone-57@2x.png in Resources */ = {isa = PBXBuildFile; fileRef = 3D0BD9471B9EC674006600CE /* Icon-iPhone-57@2x.png */; };
		3D0BD95D1B9EC674006600CE /* Icon-iPhone-60@2x.png in Resources */ = {isa = PBXBuildFile; fileRef = 3D0BD9481B9EC674006600CE /* Icon-iPhone-60@2x.png */; };
		3D0BD95E1B9EC674006600CE /* Icon-iPhone-60@3x.png in Resources */ = {isa = PBXBuildFile; fileRef = 3D0BD9491B9EC674006600CE /* Icon-iPhone-60@3x.png */; };
		3D0BD95F1B9EC674006600CE /* iTunesArtwork in Resources */ = {isa = PBXBuildFile; fileRef = 3D0BD94A1B9EC674006600CE /* iTunesArtwork */; };
		3D0BD9601B9EC674006600CE /* iTunesArtwork@2x in Resources */ = {isa = PBXBuildFile; fileRef = 3D0BD94B1B9EC674006600CE /* iTunesArtwork@2x */; };
		3D7D9D641B9ED07600579AC7 /* icon-1024.png in Resources */ = {isa = PBXBuildFile; fileRef = 3D7D9D631B9ED07600579AC7 /* icon-1024.png */; };
/* End PBXBuildFile section */

/* Begin PBXContainerItemProxy section */
		3D0BD9221B9E778A006600CE /* PBXContainerItemProxy */ = {
			isa = PBXContainerItemProxy;
			containerPortal = 3D0BD9001B9E778A006600CE /* Project object */;
			proxyType = 1;
			remoteGlobalIDString = 3D0BD9071B9E778A006600CE;
			remoteInfo = ImportExportDemo;
		};
/* End PBXContainerItemProxy section */

/* Begin PBXFileReference section */
		3D0BD9081B9E778A006600CE /* ImportExportDemo.app */ = {isa = PBXFileReference; explicitFileType = wrapper.application; includeInIndex = 0; path = ImportExportDemo.app; sourceTree = BUILT_PRODUCTS_DIR; };
		3D0BD90C1B9E778A006600CE /* Info.plist */ = {isa = PBXFileReference; lastKnownFileType = text.plist.xml; path = Info.plist; sourceTree = "<group>"; };
		3D0BD90D1B9E778A006600CE /* main.m */ = {isa = PBXFileReference; lastKnownFileType = sourcecode.c.objc; path = main.m; sourceTree = "<group>"; };
		3D0BD90F1B9E778A006600CE /* AppDelegate.h */ = {isa = PBXFileReference; lastKnownFileType = sourcecode.c.h; path = AppDelegate.h; sourceTree = "<group>"; };
		3D0BD9101B9E778A006600CE /* AppDelegate.m */ = {isa = PBXFileReference; lastKnownFileType = sourcecode.c.objc; path = AppDelegate.m; sourceTree = "<group>"; };
		3D0BD9121B9E778A006600CE /* ViewController.h */ = {isa = PBXFileReference; lastKnownFileType = sourcecode.c.h; path = ViewController.h; sourceTree = "<group>"; };
		3D0BD9131B9E778A006600CE /* ViewController.m */ = {isa = PBXFileReference; lastKnownFileType = sourcecode.c.objc; path = ViewController.m; sourceTree = "<group>"; };
		3D0BD9161B9E778A006600CE /* Base */ = {isa = PBXFileReference; lastKnownFileType = file.storyboard; name = Base; path = Base.lproj/Main.storyboard; sourceTree = "<group>"; };
		3D0BD9181B9E778A006600CE /* Images.xcassets */ = {isa = PBXFileReference; lastKnownFileType = folder.assetcatalog; path = Images.xcassets; sourceTree = "<group>"; };
		3D0BD91B1B9E778A006600CE /* Base */ = {isa = PBXFileReference; lastKnownFileType = file.xib; name = Base; path = Base.lproj/LaunchScreen.xib; sourceTree = "<group>"; };
		3D0BD9211B9E778A006600CE /* ImportExportDemoTests.xctest */ = {isa = PBXFileReference; explicitFileType = wrapper.cfbundle; includeInIndex = 0; path = ImportExportDemoTests.xctest; sourceTree = BUILT_PRODUCTS_DIR; };
		3D0BD9261B9E778A006600CE /* Info.plist */ = {isa = PBXFileReference; lastKnownFileType = text.plist.xml; path = Info.plist; sourceTree = "<group>"; };
		3D0BD9271B9E778A006600CE /* ImportExportDemoTests.m */ = {isa = PBXFileReference; lastKnownFileType = sourcecode.c.objc; path = ImportExportDemoTests.m; sourceTree = "<group>"; };
		3D0BD9321B9E8DDE006600CE /* The Swift Programming Language 中文版 - v1.1.pdf */ = {isa = PBXFileReference; lastKnownFileType = image.pdf; path = "The Swift Programming Language 中文版 - v1.1.pdf"; sourceTree = "<group>"; };
		3D0BD9371B9EC674006600CE /* Icon-iPad-29.png */ = {isa = PBXFileReference; lastKnownFileType = image.png; path = "Icon-iPad-29.png"; sourceTree = "<group>"; };
		3D0BD9381B9EC674006600CE /* Icon-iPad-29@2x.png */ = {isa = PBXFileReference; lastKnownFileType = image.png; path = "Icon-iPad-29@2x.png"; sourceTree = "<group>"; };
		3D0BD9391B9EC674006600CE /* Icon-iPad-40.png */ = {isa = PBXFileReference; lastKnownFileType = image.png; path = "Icon-iPad-40.png"; sourceTree = "<group>"; };
		3D0BD93A1B9EC674006600CE /* Icon-iPad-40@2x.png */ = {isa = PBXFileReference; lastKnownFileType = image.png; path = "Icon-iPad-40@2x.png"; sourceTree = "<group>"; };
		3D0BD93B1B9EC674006600CE /* Icon-iPad-50.png */ = {isa = PBXFileReference; lastKnownFileType = image.png; path = "Icon-iPad-50.png"; sourceTree = "<group>"; };
		3D0BD93C1B9EC674006600CE /* Icon-iPad-50@2x.png */ = {isa = PBXFileReference; lastKnownFileType = image.png; path = "Icon-iPad-50@2x.png"; sourceTree = "<group>"; };
		3D0BD93D1B9EC674006600CE /* Icon-iPad-72.png */ = {isa = PBXFileReference; lastKnownFileType = image.png; path = "Icon-iPad-72.png"; sourceTree = "<group>"; };
		3D0BD93E1B9EC674006600CE /* Icon-iPad-72@2x.png */ = {isa = PBXFileReference; lastKnownFileType = image.png; path = "Icon-iPad-72@2x.png"; sourceTree = "<group>"; };
		3D0BD93F1B9EC674006600CE /* Icon-iPad-76.png */ = {isa = PBXFileReference; lastKnownFileType = image.png; path = "Icon-iPad-76.png"; sourceTree = "<group>"; };
		3D0BD9401B9EC674006600CE /* Icon-iPad-76@2x.png */ = {isa = PBXFileReference; lastKnownFileType = image.png; path = "Icon-iPad-76@2x.png"; sourceTree = "<group>"; };
		3D0BD9411B9EC674006600CE /* Icon-iPhone-29.png */ = {isa = PBXFileReference; lastKnownFileType = image.png; path = "Icon-iPhone-29.png"; sourceTree = "<group>"; };
		3D0BD9421B9EC674006600CE /* Icon-iPhone-29@2x.png */ = {isa = PBXFileReference; lastKnownFileType = image.png; path = "Icon-iPhone-29@2x.png"; sourceTree = "<group>"; };
		3D0BD9431B9EC674006600CE /* Icon-iPhone-29@3x.png */ = {isa = PBXFileReference; lastKnownFileType = image.png; path = "Icon-iPhone-29@3x.png"; sourceTree = "<group>"; };
		3D0BD9441B9EC674006600CE /* Icon-iPhone-40@2x.png */ = {isa = PBXFileReference; lastKnownFileType = image.png; path = "Icon-iPhone-40@2x.png"; sourceTree = "<group>"; };
		3D0BD9451B9EC674006600CE /* Icon-iPhone-40@3x.png */ = {isa = PBXFileReference; lastKnownFileType = image.png; path = "Icon-iPhone-40@3x.png"; sourceTree = "<group>"; };
		3D0BD9461B9EC674006600CE /* Icon-iPhone-57.png */ = {isa = PBXFileReference; lastKnownFileType = image.png; path = "Icon-iPhone-57.png"; sourceTree = "<group>"; };
		3D0BD9471B9EC674006600CE /* Icon-iPhone-57@2x.png */ = {isa = PBXFileReference; lastKnownFileType = image.png; path = "Icon-iPhone-57@2x.png"; sourceTree = "<group>"; };
		3D0BD9481B9EC674006600CE /* Icon-iPhone-60@2x.png */ = {isa = PBXFileReference; lastKnownFileType = image.png; path = "Icon-iPhone-60@2x.png"; sourceTree = "<group>"; };
		3D0BD9491B9EC674006600CE /* Icon-iPhone-60@3x.png */ = {isa = PBXFileReference; lastKnownFileType = image.png; path = "Icon-iPhone-60@3x.png"; sourceTree = "<group>"; };
		3D0BD94A1B9EC674006600CE /* iTunesArtwork */ = {isa = PBXFileReference; lastKnownFileType = file; path = iTunesArtwork; sourceTree = "<group>"; };
		3D0BD94B1B9EC674006600CE /* iTunesArtwork@2x */ = {isa = PBXFileReference; lastKnownFileType = file; path = "iTunesArtwork@2x"; sourceTree = "<group>"; };
		3D7D9D631B9ED07600579AC7 /* icon-1024.png */ = {isa = PBXFileReference; lastKnownFileType = image.png; path = "icon-1024.png"; sourceTree = "<group>"; };
/* End PBXFileReference section */

/* Begin PBXFrameworksBuildPhase section */
		3D0BD9051B9E778A006600CE /* Frameworks */ = {
			isa = PBXFrameworksBuildPhase;
			buildActionMask = 2147483647;
			files = (
			);
			runOnlyForDeploymentPostprocessing = 0;
		};
		3D0BD91E1B9E778A006600CE /* Frameworks */ = {
			isa = PBXFrameworksBuildPhase;
			buildActionMask = 2147483647;
			files = (
			);
			runOnlyForDeploymentPostprocessing = 0;
		};
/* End PBXFrameworksBuildPhase section */

/* Begin PBXGroup section */
		3D0BD8FF1B9E778A006600CE = {
			isa = PBXGroup;
			children = (
				3D0BD90A1B9E778A006600CE /* ImportExportDemo */,
				3D0BD9241B9E778A006600CE /* ImportExportDemoTests */,
				3D0BD9091B9E778A006600CE /* Products */,
			);
			sourceTree = "<group>";
		};
		3D0BD9091B9E778A006600CE /* Products */ = {
			isa = PBXGroup;
			children = (
				3D0BD9081B9E778A006600CE /* ImportExportDemo.app */,
				3D0BD9211B9E778A006600CE /* ImportExportDemoTests.xctest */,
			);
			name = Products;
			sourceTree = "<group>";
		};
		3D0BD90A1B9E778A006600CE /* ImportExportDemo */ = {
			isa = PBXGroup;
			children = (
				3D0BD9361B9EC674006600CE /* icon */,
				3D0BD9311B9E8DDE006600CE /* file */,
				3D0BD90F1B9E778A006600CE /* AppDelegate.h */,
				3D0BD9101B9E778A006600CE /* AppDelegate.m */,
				3D0BD9121B9E778A006600CE /* ViewController.h */,
				3D0BD9131B9E778A006600CE /* ViewController.m */,
				3D0BD9151B9E778A006600CE /* Main.storyboard */,
				3D0BD9181B9E778A006600CE /* Images.xcassets */,
				3D0BD91A1B9E778A006600CE /* LaunchScreen.xib */,
				3D0BD90B1B9E778A006600CE /* Supporting Files */,
			);
			path = ImportExportDemo;
			sourceTree = "<group>";
		};
		3D0BD90B1B9E778A006600CE /* Supporting Files */ = {
			isa = PBXGroup;
			children = (
				3D0BD90C1B9E778A006600CE /* Info.plist */,
				3D0BD90D1B9E778A006600CE /* main.m */,
			);
			name = "Supporting Files";
			sourceTree = "<group>";
		};
		3D0BD9241B9E778A006600CE /* ImportExportDemoTests */ = {
			isa = PBXGroup;
			children = (
				3D0BD9271B9E778A006600CE /* ImportExportDemoTests.m */,
				3D0BD9251B9E778A006600CE /* Supporting Files */,
			);
			path = ImportExportDemoTests;
			sourceTree = "<group>";
		};
		3D0BD9251B9E778A006600CE /* Supporting Files */ = {
			isa = PBXGroup;
			children = (
				3D0BD9261B9E778A006600CE /* Info.plist */,
			);
			name = "Supporting Files";
			sourceTree = "<group>";
		};
		3D0BD9311B9E8DDE006600CE /* file */ = {
			isa = PBXGroup;
			children = (
				3D0BD9321B9E8DDE006600CE /* The Swift Programming Language 中文版 - v1.1.pdf */,
			);
			path = file;
			sourceTree = "<group>";
		};
		3D0BD9361B9EC674006600CE /* icon */ = {
			isa = PBXGroup;
			children = (
				3D7D9D631B9ED07600579AC7 /* icon-1024.png */,
				3D0BD9371B9EC674006600CE /* Icon-iPad-29.png */,
				3D0BD9381B9EC674006600CE /* Icon-iPad-29@2x.png */,
				3D0BD9391B9EC674006600CE /* Icon-iPad-40.png */,
				3D0BD93A1B9EC674006600CE /* Icon-iPad-40@2x.png */,
				3D0BD93B1B9EC674006600CE /* Icon-iPad-50.png */,
				3D0BD93C1B9EC674006600CE /* Icon-iPad-50@2x.png */,
				3D0BD93D1B9EC674006600CE /* Icon-iPad-72.png */,
				3D0BD93E1B9EC674006600CE /* Icon-iPad-72@2x.png */,
				3D0BD93F1B9EC674006600CE /* Icon-iPad-76.png */,
				3D0BD9401B9EC674006600CE /* Icon-iPad-76@2x.png */,
				3D0BD9411B9EC674006600CE /* Icon-iPhone-29.png */,
				3D0BD9421B9EC674006600CE /* Icon-iPhone-29@2x.png */,
				3D0BD9431B9EC674006600CE /* Icon-iPhone-29@3x.png */,
				3D0BD9441B9EC674006600CE /* Icon-iPhone-40@2x.png */,
				3D0BD9451B9EC674006600CE /* Icon-iPhone-40@3x.png */,
				3D0BD9461B9EC674006600CE /* Icon-iPhone-57.png */,
				3D0BD9471B9EC674006600CE /* Icon-iPhone-57@2x.png */,
				3D0BD9481B9EC674006600CE /* Icon-iPhone-60@2x.png */,
				3D0BD9491B9EC674006600CE /* Icon-iPhone-60@3x.png */,
				3D0BD94A1B9EC674006600CE /* iTunesArtwork */,
				3D0BD94B1B9EC674006600CE /* iTunesArtwork@2x */,
			);
			path = icon;
			sourceTree = "<group>";
		};
/* End PBXGroup section */

/* Begin PBXNativeTarget section */
		3D0BD9071B9E778A006600CE /* ImportExportDemo */ = {
			isa = PBXNativeTarget;
			buildConfigurationList = 3D0BD92B1B9E778A006600CE /* Build configuration list for PBXNativeTarget "ImportExportDemo" */;
			buildPhases = (
				3D0BD9041B9E778A006600CE /* Sources */,
				3D0BD9051B9E778A006600CE /* Frameworks */,
				3D0BD9061B9E778A006600CE /* Resources */,
			);
			buildRules = (
			);
			dependencies = (
			);
			name = ImportExportDemo;
			productName = ImportExportDemo;
			productReference = 3D0BD9081B9E778A006600CE /* ImportExportDemo.app */;
			productType = "com.apple.product-type.application";
		};
		3D0BD9201B9E778A006600CE /* ImportExportDemoTests */ = {
			isa = PBXNativeTarget;
			buildConfigurationList = 3D0BD92E1B9E778A006600CE /* Build configuration list for PBXNativeTarget "ImportExportDemoTests" */;
			buildPhases = (
				3D0BD91D1B9E778A006600CE /* Sources */,
				3D0BD91E1B9E778A006600CE /* Frameworks */,
				3D0BD91F1B9E778A006600CE /* Resources */,
			);
			buildRules = (
			);
			dependencies = (
				3D0BD9231B9E778A006600CE /* PBXTargetDependency */,
			);
			name = ImportExportDemoTests;
			productName = ImportExportDemoTests;
			productReference = 3D0BD9211B9E778A006600CE /* ImportExportDemoTests.xctest */;
			productType = "com.apple.product-type.bundle.unit-test";
		};
/* End PBXNativeTarget section */

/* Begin PBXProject section */
		3D0BD9001B9E778A006600CE /* Project object */ = {
			isa = PBXProject;
			attributes = {
				LastUpgradeCheck = 0640;
				ORGANIZATIONNAME = jason;
				TargetAttributes = {
					3D0BD9071B9E778A006600CE = {
						CreatedOnToolsVersion = 6.4;
					};
					3D0BD9201B9E778A006600CE = {
						CreatedOnToolsVersion = 6.4;
						TestTargetID = 3D0BD9071B9E778A006600CE;
					};
				};
			};
			buildConfigurationList = 3D0BD9031B9E778A006600CE /* Build configuration list for PBXProject "ImportExportDemo" */;
			compatibilityVersion = "Xcode 3.2";
			developmentRegion = English;
			hasScannedForEncodings = 0;
			knownRegions = (
				en,
				Base,
			);
			mainGroup = 3D0BD8FF1B9E778A006600CE;
			productRefGroup = 3D0BD9091B9E778A006600CE /* Products */;
			projectDirPath = "";
			projectRoot = "";
			targets = (
				3D0BD9071B9E778A006600CE /* ImportExportDemo */,
				3D0BD9201B9E778A006600CE /* ImportExportDemoTests */,
			);
		};
/* End PBXProject section */

/* Begin PBXResourcesBuildPhase section */
		3D0BD9061B9E778A006600CE /* Resources */ = {
			isa = PBXResourcesBuildPhase;
			buildActionMask = 2147483647;
			files = (
				3D0BD94C1B9EC674006600CE /* Icon-iPad-29.png in Resources */,
				3D0BD95C1B9EC674006600CE /* Icon-iPhone-57@2x.png in Resources */,
				3D0BD9171B9E778A006600CE /* Main.storyboard in Resources */,
				3D0BD9541B9EC674006600CE /* Icon-iPad-76.png in Resources */,
				3D0BD95D1B9EC674006600CE /* Icon-iPhone-60@2x.png in Resources */,
				3D0BD95B1B9EC674006600CE /* Icon-iPhone-57.png in Resources */,
				3D0BD9571B9EC674006600CE /* Icon-iPhone-29@2x.png in Resources */,
				3D0BD95F1B9EC674006600CE /* iTunesArtwork in Resources */,
				3D0BD95E1B9EC674006600CE /* Icon-iPhone-60@3x.png in Resources */,
				3D0BD9581B9EC674006600CE /* Icon-iPhone-29@3x.png in Resources */,
				3D0BD9561B9EC674006600CE /* Icon-iPhone-29.png in Resources */,
				3D0BD9591B9EC674006600CE /* Icon-iPhone-40@2x.png in Resources */,
				3D0BD95A1B9EC674006600CE /* Icon-iPhone-40@3x.png in Resources */,
				3D0BD9531B9EC674006600CE /* Icon-iPad-72@2x.png in Resources */,
				3D0BD9551B9EC674006600CE /* Icon-iPad-76@2x.png in Resources */,
				3D0BD9601B9EC674006600CE /* iTunesArtwork@2x in Resources */,
				3D0BD9501B9EC674006600CE /* Icon-iPad-50.png in Resources */,
				3D0BD9331B9E8DDE006600CE /* The Swift Programming Language 中文版 - v1.1.pdf in Resources */,
				3D0BD94E1B9EC674006600CE /* Icon-iPad-40.png in Resources */,
				3D0BD9521B9EC674006600CE /* Icon-iPad-72.png in Resources */,
				3D0BD91C1B9E778A006600CE /* LaunchScreen.xib in Resources */,
				3D0BD94F1B9EC674006600CE /* Icon-iPad-40@2x.png in Resources */,
				3D0BD94D1B9EC674006600CE /* Icon-iPad-29@2x.png in Resources */,
				3D0BD9511B9EC674006600CE /* Icon-iPad-50@2x.png in Resources */,
				3D0BD9191B9E778A006600CE /* Images.xcassets in Resources */,
				3D7D9D641B9ED07600579AC7 /* icon-1024.png in Resources */,
			);
			runOnlyForDeploymentPostprocessing = 0;
		};
		3D0BD91F1B9E778A006600CE /* Resources */ = {
			isa = PBXResourcesBuildPhase;
			buildActionMask = 2147483647;
			files = (
			);
			runOnlyForDeploymentPostprocessing = 0;
		};
/* End PBXResourcesBuildPhase section */

/* Begin PBXSourcesBuildPhase section */
		3D0BD9041B9E778A006600CE /* Sources */ = {
			isa = PBXSourcesBuildPhase;
			buildActionMask = 2147483647;
			files = (
				3D0BD9141B9E778A006600CE /* ViewController.m in Sources */,
				3D0BD9111B9E778A006600CE /* AppDelegate.m in Sources */,
				3D0BD90E1B9E778A006600CE /* main.m in Sources */,
			);
			runOnlyForDeploymentPostprocessing = 0;
		};
		3D0BD91D1B9E778A006600CE /* Sources */ = {
			isa = PBXSourcesBuildPhase;
			buildActionMask = 2147483647;
			files = (
				3D0BD9281B9E778A006600CE /* ImportExportDemoTests.m in Sources */,
			);
			runOnlyForDeploymentPostprocessing = 0;
		};
/* End PBXSourcesBuildPhase section */

/* Begin PBXTargetDependency section */
		3D0BD9231B9E778A006600CE /* PBXTargetDependency */ = {
			isa = PBXTargetDependency;
			target = 3D0BD9071B9E778A006600CE /* ImportExportDemo */;
			targetProxy = 3D0BD9221B9E778A006600CE /* PBXContainerItemProxy */;
		};
/* End PBXTargetDependency section */

/* Begin PBXVariantGroup section */
		3D0BD9151B9E778A006600CE /* Main.storyboard */ = {
			isa = PBXVariantGroup;
			children = (
				3D0BD9161B9E778A006600CE /* Base */,
			);
			name = Main.storyboard;
			sourceTree = "<group>";
		};
		3D0BD91A1B9E778A006600CE /* LaunchScreen.xib */ = {
			isa = PBXVariantGroup;
			children = (
				3D0BD91B1B9E778A006600CE /* Base */,
			);
			name = LaunchScreen.xib;
			sourceTree = "<group>";
		};
/* End PBXVariantGroup section */

/* Begin XCBuildConfiguration section */
		3D0BD9291B9E778A006600CE /* Debug */ = {
			isa = XCBuildConfiguration;
			buildSettings = {
				ALWAYS_SEARCH_USER_PATHS = NO;
				CLANG_CXX_LANGUAGE_STANDARD = "gnu++0x";
				CLANG_CXX_LIBRARY = "libc++";
				CLANG_ENABLE_MODULES = YES;
				CLANG_ENABLE_OBJC_ARC = YES;
				CLANG_WARN_BOOL_CONVERSION = YES;
				CLANG_WARN_CONSTANT_CONVERSION = YES;
				CLANG_WARN_DIRECT_OBJC_ISA_USAGE = YES_ERROR;
				CLANG_WARN_EMPTY_BODY = YES;
				CLANG_WARN_ENUM_CONVERSION = YES;
				CLANG_WARN_INT_CONVERSION = YES;
				CLANG_WARN_OBJC_ROOT_CLASS = YES_ERROR;
				CLANG_WARN_UNREACHABLE_CODE = YES;
				CLANG_WARN__DUPLICATE_METHOD_MATCH = YES;
				"CODE_SIGN_IDENTITY[sdk=iphoneos*]" = "iPhone Developer";
				COPY_PHASE_STRIP = NO;
				DEBUG_INFORMATION_FORMAT = "dwarf-with-dsym";
				ENABLE_STRICT_OBJC_MSGSEND = YES;
				GCC_C_LANGUAGE_STANDARD = gnu99;
				GCC_DYNAMIC_NO_PIC = NO;
				GCC_NO_COMMON_BLOCKS = YES;
				GCC_OPTIMIZATION_LEVEL = 0;
				GCC_PREPROCESSOR_DEFINITIONS = (
					"DEBUG=1",
					"$(inherited)",
				);
				GCC_SYMBOLS_PRIVATE_EXTERN = NO;
				GCC_WARN_64_TO_32_BIT_CONVERSION = YES;
				GCC_WARN_ABOUT_RETURN_TYPE = YES_ERROR;
				GCC_WARN_UNDECLARED_SELECTOR = YES;
				GCC_WARN_UNINITIALIZED_AUTOS = YES_AGGRESSIVE;
				GCC_WARN_UNUSED_FUNCTION = YES;
				GCC_WARN_UNUSED_VARIABLE = YES;
				IPHONEOS_DEPLOYMENT_TARGET = 8.4;
				MTL_ENABLE_DEBUG_INFO = YES;
				ONLY_ACTIVE_ARCH = YES;
				SDKROOT = iphoneos;
				TARGETED_DEVICE_FAMILY = "1,2";
			};
			name = Debug;
		};
		3D0BD92A1B9E778A006600CE /* Release */ = {
			isa = XCBuildConfiguration;
			buildSettings = {
				ALWAYS_SEARCH_USER_PATHS = NO;
				CLANG_CXX_LANGUAGE_STANDARD = "gnu++0x";
				CLANG_CXX_LIBRARY = "libc++";
				CLANG_ENABLE_MODULES = YES;
				CLANG_ENABLE_OBJC_ARC = YES;
				CLANG_WARN_BOOL_CONVERSION = YES;
				CLANG_WARN_CONSTANT_CONVERSION = YES;
				CLANG_WARN_DIRECT_OBJC_ISA_USAGE = YES_ERROR;
				CLANG_WARN_EMPTY_BODY = YES;
				CLANG_WARN_ENUM_CONVERSION = YES;
				CLANG_WARN_INT_CONVERSION = YES;
				CLANG_WARN_OBJC_ROOT_CLASS = YES_ERROR;
				CLANG_WARN_UNREACHABLE_CODE = YES;
				CLANG_WARN__DUPLICATE_METHOD_MATCH = YES;
				"CODE_SIGN_IDENTITY[sdk=iphoneos*]" = "iPhone Developer";
				COPY_PHASE_STRIP = NO;
				DEBUG_INFORMATION_FORMAT = "dwarf-with-dsym";
				ENABLE_NS_ASSERTIONS = NO;
				ENABLE_STRICT_OBJC_MSGSEND = YES;
				GCC_C_LANGUAGE_STANDARD = gnu99;
				GCC_NO_COMMON_BLOCKS = YES;
				GCC_WARN_64_TO_32_BIT_CONVERSION = YES;
				GCC_WARN_ABOUT_RETURN_TYPE = YES_ERROR;
				GCC_WARN_UNDECLARED_SELECTOR = YES;
				GCC_WARN_UNINITIALIZED_AUTOS = YES_AGGRESSIVE;
				GCC_WARN_UNUSED_FUNCTION = YES;
				GCC_WARN_UNUSED_VARIABLE = YES;
				IPHONEOS_DEPLOYMENT_TARGET = 8.4;
				MTL_ENABLE_DEBUG_INFO = NO;
				SDKROOT = iphoneos;
				TARGETED_DEVICE_FAMILY = "1,2";
				VALIDATE_PRODUCT = YES;
			};
			name = Release;
		};
		3D0BD92C1B9E778A006600CE /* Debug */ = {
			isa = XCBuildConfiguration;
			buildSettings = {
				ASSETCATALOG_COMPILER_APPICON_NAME = AppIcon;
				INFOPLIST_FILE = ImportExportDemo/Info.plist;
				IPHONEOS_DEPLOYMENT_TARGET = 8.0;
				LD_RUNPATH_SEARCH_PATHS = "$(inherited) @executable_path/Frameworks";
				PRODUCT_NAME = "$(TARGET_NAME)";
			};
			name = Debug;
		};
		3D0BD92D1B9E778A006600CE /* Release */ = {
			isa = XCBuildConfiguration;
			buildSettings = {
				ASSETCATALOG_COMPILER_APPICON_NAME = AppIcon;
				INFOPLIST_FILE = ImportExportDemo/Info.plist;
				IPHONEOS_DEPLOYMENT_TARGET = 8.0;
				LD_RUNPATH_SEARCH_PATHS = "$(inherited) @executable_path/Frameworks";
				PRODUCT_NAME = "$(TARGET_NAME)";
			};
			name = Release;
		};
		3D0BD92F1B9E778A006600CE /* Debug */ = {
			isa = XCBuildConfiguration;
			buildSettings = {
				BUNDLE_LOADER = "$(TEST_HOST)";
				FRAMEWORK_SEARCH_PATHS = (
					"$(SDKROOT)/Developer/Library/Frameworks",
					"$(inherited)",
				);
				GCC_PREPROCESSOR_DEFINITIONS = (
					"DEBUG=1",
					"$(inherited)",
				);
				INFOPLIST_FILE = ImportExportDemoTests/Info.plist;
				LD_RUNPATH_SEARCH_PATHS = "$(inherited) @executable_path/Frameworks @loader_path/Frameworks";
				PRODUCT_NAME = "$(TARGET_NAME)";
				TEST_HOST = "$(BUILT_PRODUCTS_DIR)/ImportExportDemo.app/ImportExportDemo";
			};
			name = Debug;
		};
		3D0BD9301B9E778A006600CE /* Release */ = {
			isa = XCBuildConfiguration;
			buildSettings = {
				BUNDLE_LOADER = "$(TEST_HOST)";
				FRAMEWORK_SEARCH_PATHS = (
					"$(SDKROOT)/Developer/Library/Frameworks",
					"$(inherited)",
				);
				INFOPLIST_FILE = ImportExportDemoTests/Info.plist;
				LD_RUNPATH_SEARCH_PATHS = "$(inherited) @executable_path/Frameworks @loader_path/Frameworks";
				PRODUCT_NAME = "$(TARGET_NAME)";
				TEST_HOST = "$(BUILT_PRODUCTS_DIR)/ImportExportDemo.app/ImportExportDemo";
			};
			name = Release;
		};
/* End XCBuildConfiguration section */

/* Begin XCConfigurationList section */
		3D0BD9031B9E778A006600CE /* Build configuration list for PBXProject "ImportExportDemo" */ = {
			isa = XCConfigurationList;
			buildConfigurations = (
				3D0BD9291B9E778A006600CE /* Debug */,
				3D0BD92A1B9E778A006600CE /* Release */,
			);
			defaultConfigurationIsVisible = 0;
			defaultConfigurationName = Release;
		};
		3D0BD92B1B9E778A006600CE /* Build configuration list for PBXNativeTarget "ImportExportDemo" */ = {
			isa = XCConfigurationList;
			buildConfigurations = (
				3D0BD92C1B9E778A006600CE /* Debug */,
				3D0BD92D1B9E778A006600CE /* Release */,
			);
			defaultConfigurationIsVisible = 0;
			defaultConfigurationName = Release;
		};
		3D0BD92E1B9E778A006600CE /* Build configuration list for PBXNativeTarget "ImportExportDemoTests" */ = {
			isa = XCConfigurationList;
			buildConfigurations = (
				3D0BD92F1B9E778A006600CE /* Debug */,
				3D0BD9301B9E778A006600CE /* Release */,
			);
			defaultConfigurationIsVisible = 0;
			defaultConfigurationName = Release;
		};
/* End XCConfigurationList section */
	};
	rootObject = 3D0BD9001B9E778A006600CE /* Project object */;
}
